Microsoft Visual Studio Solution File, Format Version 12.00
# Visual Studio Version 16
VisualStudioVersion = 16.0.29020.237
MinimumVisualStudioVersion = 10.0.40219.1
Project("{2150E333-8FDC-42A3-9474-1A3956D46DE8}") = "framework", "framework", "{CD28BBD1-391D-4437-A003-6605F7CBBE76}"
EndProject
Project("{2150E333-8FDC-42A3-9474-1A3956D46DE8}") = "src", "src", "{192D2506-388C-43A4-9BB2-17F351F65DA1}"
EndProject
Project("{9A19103F-16F7-4668-BE54-9A1E7A4F7556}") = "Kometa.Core", "framework\src\Kometa.Core\Kometa.Core.csproj", "{149520A8-9ACE-4BDF-B6FE-914DC1F9FB76}"
EndProject
Project("{9A19103F-16F7-4668-BE54-9A1E7A4F7556}") = "Kometa.Data", "framework\src\Kometa.Data\Kometa.Data.csproj", "{688E0875-9B2A-4BC5-8BA0-E1E8998EB805}"
EndProject
Project("{9A19103F-16F7-4668-BE54-9A1E7A4F7556}") = "Kometa.MultiContractor", "framework\src\Kometa.MultiContractor\Kometa.MultiContractor.csproj", "{8B76EF7A-F473-48BC-85C6-E84BA5CC7157}"
EndProject
Project("{9A19103F-16F7-4668-BE54-9A1E7A4F7556}") = "Kometa.Security", "framework\src\Kometa.Security\Kometa.Security.csproj", "{5F0897F0-7A7A-4E61-8FD4-D91BC584F3E1}"
EndProject
Project("{2150E333-8FDC-42A3-9474-1A3956D46DE8}") = "services", "services", "{0B221525-5BD7-4480-BE96-6E9FFEA6A8A7}"
EndProject
Project("{2150E333-8FDC-42A3-9474-1A3956D46DE8}") = "apps", "apps", "{4EC668B5-4DA6-4F13-A1F1-688E25B15621}"
EndProject
Project("{9A19103F-16F7-4668-BE54-9A1E7A4F7556}") = "Kometa.EntityFrameworkCore", "framework\src\Kometa.EntityFrameworkCore\Kometa.EntityFrameworkCore.csproj", "{A3E322A4-72E6-45E2-93EE-F5DBA7EEC633}"
EndProject
Project("{9A19103F-16F7-4668-BE54-9A1E7A4F7556}") = "Kometa.Sms.SmsCenter", "framework\src\Kometa.Sms.SmsCenter\Kometa.Sms.SmsCenter.csproj", "{8045A105-D2A2-4F69-A609-B18137DB05BF}"
EndProject
Project("{9A19103F-16F7-4668-BE54-9A1E7A4F7556}") = "Kometa.Json", "framework\src\Kometa.Json\Kometa.Json.csproj", "{771609C9-8B63-4B3E-BF1A-ADD17C06574C}"
EndProject
Project("{9A19103F-16F7-4668-BE54-9A1E7A4F7556}") = "Kometa.Graphql", "framework\src\Kometa.Graphql\Kometa.Graphql.csproj", "{27A5860B-A7CC-47EE-9748-01D623179BCD}"
EndProject
Project("{2150E333-8FDC-42A3-9474-1A3956D46DE8}") = "smde", "smde", "{94EE03FA-A552-46EB-A466-E77189AF0148}"
EndProject
Project("{9A19103F-16F7-4668-BE54-9A1E7A4F7556}") = "Kometa.Localization", "framework\src\Kometa.Localization\Kometa.Localization.csproj", "{40B53408-3467-4F03-BE05-8735BB00B1B5}"
EndProject
Project("{9A19103F-16F7-4668-BE54-9A1E7A4F7556}") = "Kometa.Ddd.Domain", "framework\src\Kometa.Ddd.Domain\Kometa.Ddd.Domain.csproj", "{996879F3-3302-43A6-8606-A3739AA3EB90}"
EndProject
Project("{2150E333-8FDC-42A3-9474-1A3956D46DE8}") = "src", "src", "{A805208C-C721-4F8F-A214-3B48E5306A56}"
EndProject
Project("{2150E333-8FDC-42A3-9474-1A3956D46DE8}") = "test", "test", "{0557A632-BAC9-4E95-AC16-CB0C5C766916}"
EndProject
Project("{FAE04EC0-301F-11D3-BF4B-00C04F79EFBC}") = "Smde.Domain.Shared", "services\smde\src\Smde.Domain.Shared\Smde.Domain.Shared.csproj", "{D909BF95-7DC5-4531-9CD5-36ED7230288F}"
EndProject
Project("{FAE04EC0-301F-11D3-BF4B-00C04F79EFBC}") = "Smde.Domain", "services\smde\src\Smde.Domain\Smde.Domain.csproj", "{88D9E507-DC9F-492D-A2D2-52DD3C69C7CB}"
EndProject
Project("{FAE04EC0-301F-11D3-BF4B-00C04F79EFBC}") = "Smde.Application.Contracts", "services\smde\src\Smde.Application.Contracts\Smde.Application.Contracts.csproj", "{82C7E843-988F-40CD-9591-085F84CEE1D6}"
EndProject
Project("{FAE04EC0-301F-11D3-BF4B-00C04F79EFBC}") = "Smde.Application", "services\smde\src\Smde.Application\Smde.Application.csproj", "{9BB93F0E-63BC-4BF3-A399-C3046F62D7F1}"
EndProject
Project("{FAE04EC0-301F-11D3-BF4B-00C04F79EFBC}") = "Smde.EntityFrameworkCore", "services\smde\src\Smde.EntityFrameworkCore\Smde.EntityFrameworkCore.csproj", "{1D533F94-EC41-4C0D-BEAE-A218D1BC40C3}"
EndProject
Project("{FAE04EC0-301F-11D3-BF4B-00C04F79EFBC}") = "Smde.HttpApi", "services\smde\src\Smde.HttpApi\Smde.HttpApi.csproj", "{3E9A9D4A-3409-42FB-B10D-5EAF857E4174}"
EndProject
Project("{FAE04EC0-301F-11D3-BF4B-00C04F79EFBC}") = "Smde.HttpApi.Graphql", "services\smde\src\Smde.HttpApi.Graphql\Smde.HttpApi.Graphql.csproj", "{CFF8CA98-5F64-4466-8146-5066BE2B2448}"
EndProject
Project("{FAE04EC0-301F-11D3-BF4B-00C04F79EFBC}") = "Smde.HttpApi.Host", "services\smde\src\Smde.HttpApi.Host\Smde.HttpApi.Host.csproj", "{06326855-EEBA-41F0-928D-9F03CD1CCE00}"
EndProject
Project("{FAE04EC0-301F-11D3-BF4B-00C04F79EFBC}") = "Smde.DbMigrator", "services\smde\src\Smde.DbMigrator\Smde.DbMigrator.csproj", "{A6C4DC37-9F88-4D56-AC48-7C6CCC69D63C}"
EndProject
Project("{FAE04EC0-301F-11D3-BF4B-00C04F79EFBC}") = "Smde.TestBase", "services\smde\test\Smde.TestBase\Smde.TestBase.csproj", "{CFE8BD1B-413B-467B-804A-21F85C95A9C6}"
EndProject
Project("{FAE04EC0-301F-11D3-BF4B-00C04F79EFBC}") = "Smde.Graphql.Tests", "services\smde\test\Smde.Graphql.Tests\Smde.Graphql.Tests.csproj", "{1B1409A5-347D-47DC-89A3-6CB965FE1EC1}"
EndProject
Project("{FAE04EC0-301F-11D3-BF4B-00C04F79EFBC}") = "Smde.EntityFrameworkCore.Tests", "services\smde\test\Smde.EntityFrameworkCore.Tests\Smde.EntityFrameworkCore.Tests.csproj", "{6AE3BDDD-A599-4E4B-B867-96C1C330C34A}"
EndProject
Project("{FAE04EC0-301F-11D3-BF4B-00C04F79EFBC}") = "Smde.Domain.Tests", "services\smde\test\Smde.Domain.Tests\Smde.Domain.Tests.csproj", "{482F33CB-7396-4281-85B8-1FDE89951CEA}"
EndProject
Project("{FAE04EC0-301F-11D3-BF4B-00C04F79EFBC}") = "Smde.Application.Tests", "services\smde\test\Smde.Application.Tests\Smde.Application.Tests.csproj", "{8EED7BF6-40EE-4CCC-BF66-49A823E01A00}"
EndProject
Project("{FAE04EC0-301F-11D3-BF4B-00C04F79EFBC}") = "Kometa.AspNetCore.MultiContractor", "framework\src\Kometa.AspNetCore.MultiContractor\Kometa.AspNetCore.MultiContractor.csproj", "{4964AE9D-260B-4645-A1EE-B567642BCE72}"
EndProject
Project("{FAE04EC0-301F-11D3-BF4B-00C04F79EFBC}") = "Kometa.Validation", "framework\src\Kometa.Validation\Kometa.Validation.csproj", "{A47896C6-93D6-4758-BCB2-D3EA0A343501}"
EndProject
Project("{FAE04EC0-301F-11D3-BF4B-00C04F79EFBC}") = "Kometa.AspNetCore.Mvc", "framework\src\Kometa.AspNetCore.Mvc\Kometa.AspNetCore.Mvc.csproj", "{E26C7B69-1CAB-4DC2-B8C6-3E478A6A12D4}"
EndProject
Project("{FAE04EC0-301F-11D3-BF4B-00C04F79EFBC}") = "Kometa.AspNetCore.Mvc.Contracts", "framework\src\Kometa.AspNetCore.Mvc.Contracts\Kometa.AspNetCore.Mvc.Contracts.csproj", "{6A4A57B5-6699-4F0D-B294-1CD6D2EEE7A7}"
EndProject
Project("{FAE04EC0-301F-11D3-BF4B-00C04F79EFBC}") = "Kometa.AspNetCore.MultiTenancy", "framework\src\Kometa.AspNetCore.MultiTenancy\Kometa.AspNetCore.MultiTenancy.csproj", "{6A867F13-8EAA-4C47-B900-F43C98624E6F}"
EndProject
Global
	GlobalSection(SolutionConfigurationPlatforms) = preSolution
		Debug|Any CPU = Debug|Any CPU
		Release|Any CPU = Release|Any CPU
	EndGlobalSection
	GlobalSection(ProjectConfigurationPlatforms) = postSolution
		{149520A8-9ACE-4BDF-B6FE-914DC1F9FB76}.Debug|Any CPU.ActiveCfg = Debug|Any CPU
		{149520A8-9ACE-4BDF-B6FE-914DC1F9FB76}.Debug|Any CPU.Build.0 = Debug|Any CPU
		{149520A8-9ACE-4BDF-B6FE-914DC1F9FB76}.Release|Any CPU.ActiveCfg = Release|Any CPU
		{149520A8-9ACE-4BDF-B6FE-914DC1F9FB76}.Release|Any CPU.Build.0 = Release|Any CPU
		{688E0875-9B2A-4BC5-8BA0-E1E8998EB805}.Debug|Any CPU.ActiveCfg = Debug|Any CPU
		{688E0875-9B2A-4BC5-8BA0-E1E8998EB805}.Debug|Any CPU.Build.0 = Debug|Any CPU
		{688E0875-9B2A-4BC5-8BA0-E1E8998EB805}.Release|Any CPU.ActiveCfg = Release|Any CPU
		{688E0875-9B2A-4BC5-8BA0-E1E8998EB805}.Release|Any CPU.Build.0 = Release|Any CPU
		{8B76EF7A-F473-48BC-85C6-E84BA5CC7157}.Debug|Any CPU.ActiveCfg = Debug|Any CPU
		{8B76EF7A-F473-48BC-85C6-E84BA5CC7157}.Debug|Any CPU.Build.0 = Debug|Any CPU
		{8B76EF7A-F473-48BC-85C6-E84BA5CC7157}.Release|Any CPU.ActiveCfg = Release|Any CPU
		{8B76EF7A-F473-48BC-85C6-E84BA5CC7157}.Release|Any CPU.Build.0 = Release|Any CPU
		{5F0897F0-7A7A-4E61-8FD4-D91BC584F3E1}.Debug|Any CPU.ActiveCfg = Debug|Any CPU
		{5F0897F0-7A7A-4E61-8FD4-D91BC584F3E1}.Debug|Any CPU.Build.0 = Debug|Any CPU
		{5F0897F0-7A7A-4E61-8FD4-D91BC584F3E1}.Release|Any CPU.ActiveCfg = Release|Any CPU
		{5F0897F0-7A7A-4E61-8FD4-D91BC584F3E1}.Release|Any CPU.Build.0 = Release|Any CPU
		{A3E322A4-72E6-45E2-93EE-F5DBA7EEC633}.Debug|Any CPU.ActiveCfg = Debug|Any CPU
		{A3E322A4-72E6-45E2-93EE-F5DBA7EEC633}.Debug|Any CPU.Build.0 = Debug|Any CPU
		{A3E322A4-72E6-45E2-93EE-F5DBA7EEC633}.Release|Any CPU.ActiveCfg = Release|Any CPU
		{A3E322A4-72E6-45E2-93EE-F5DBA7EEC633}.Release|Any CPU.Build.0 = Release|Any CPU
		{8045A105-D2A2-4F69-A609-B18137DB05BF}.Debug|Any CPU.ActiveCfg = Debug|Any CPU
		{8045A105-D2A2-4F69-A609-B18137DB05BF}.Debug|Any CPU.Build.0 = Debug|Any CPU
		{8045A105-D2A2-4F69-A609-B18137DB05BF}.Release|Any CPU.ActiveCfg = Release|Any CPU
		{8045A105-D2A2-4F69-A609-B18137DB05BF}.Release|Any CPU.Build.0 = Release|Any CPU
		{771609C9-8B63-4B3E-BF1A-ADD17C06574C}.Debug|Any CPU.ActiveCfg = Debug|Any CPU
		{771609C9-8B63-4B3E-BF1A-ADD17C06574C}.Debug|Any CPU.Build.0 = Debug|Any CPU
		{771609C9-8B63-4B3E-BF1A-ADD17C06574C}.Release|Any CPU.ActiveCfg = Release|Any CPU
		{771609C9-8B63-4B3E-BF1A-ADD17C06574C}.Release|Any CPU.Build.0 = Release|Any CPU
		{27A5860B-A7CC-47EE-9748-01D623179BCD}.Debug|Any CPU.ActiveCfg = Debug|Any CPU
		{27A5860B-A7CC-47EE-9748-01D623179BCD}.Debug|Any CPU.Build.0 = Debug|Any CPU
		{27A5860B-A7CC-47EE-9748-01D623179BCD}.Release|Any CPU.ActiveCfg = Release|Any CPU
		{27A5860B-A7CC-47EE-9748-01D623179BCD}.Release|Any CPU.Build.0 = Release|Any CPU
		{40B53408-3467-4F03-BE05-8735BB00B1B5}.Debug|Any CPU.ActiveCfg = Debug|Any CPU
		{40B53408-3467-4F03-BE05-8735BB00B1B5}.Debug|Any CPU.Build.0 = Debug|Any CPU
		{40B53408-3467-4F03-BE05-8735BB00B1B5}.Release|Any CPU.ActiveCfg = Release|Any CPU
		{40B53408-3467-4F03-BE05-8735BB00B1B5}.Release|Any CPU.Build.0 = Release|Any CPU
		{996879F3-3302-43A6-8606-A3739AA3EB90}.Debug|Any CPU.ActiveCfg = Debug|Any CPU
		{996879F3-3302-43A6-8606-A3739AA3EB90}.Debug|Any CPU.Build.0 = Debug|Any CPU
		{996879F3-3302-43A6-8606-A3739AA3EB90}.Release|Any CPU.ActiveCfg = Release|Any CPU
		{996879F3-3302-43A6-8606-A3739AA3EB90}.Release|Any CPU.Build.0 = Release|Any CPU
		{D909BF95-7DC5-4531-9CD5-36ED7230288F}.Debug|Any CPU.ActiveCfg = Debug|Any CPU
		{D909BF95-7DC5-4531-9CD5-36ED7230288F}.Debug|Any CPU.Build.0 = Debug|Any CPU
		{D909BF95-7DC5-4531-9CD5-36ED7230288F}.Release|Any CPU.ActiveCfg = Release|Any CPU
		{D909BF95-7DC5-4531-9CD5-36ED7230288F}.Release|Any CPU.Build.0 = Release|Any CPU
		{88D9E507-DC9F-492D-A2D2-52DD3C69C7CB}.Debug|Any CPU.ActiveCfg = Debug|Any CPU
		{88D9E507-DC9F-492D-A2D2-52DD3C69C7CB}.Debug|Any CPU.Build.0 = Debug|Any CPU
		{88D9E507-DC9F-492D-A2D2-52DD3C69C7CB}.Release|Any CPU.ActiveCfg = Release|Any CPU
		{88D9E507-DC9F-492D-A2D2-52DD3C69C7CB}.Release|Any CPU.Build.0 = Release|Any CPU
		{82C7E843-988F-40CD-9591-085F84CEE1D6}.Debug|Any CPU.ActiveCfg = Debug|Any CPU
		{82C7E843-988F-40CD-9591-085F84CEE1D6}.Debug|Any CPU.Build.0 = Debug|Any CPU
		{82C7E843-988F-40CD-9591-085F84CEE1D6}.Release|Any CPU.ActiveCfg = Release|Any CPU
		{82C7E843-988F-40CD-9591-085F84CEE1D6}.Release|Any CPU.Build.0 = Release|Any CPU
		{9BB93F0E-63BC-4BF3-A399-C3046F62D7F1}.Debug|Any CPU.ActiveCfg = Debug|Any CPU
		{9BB93F0E-63BC-4BF3-A399-C3046F62D7F1}.Debug|Any CPU.Build.0 = Debug|Any CPU
		{9BB93F0E-63BC-4BF3-A399-C3046F62D7F1}.Release|Any CPU.ActiveCfg = Release|Any CPU
		{9BB93F0E-63BC-4BF3-A399-C3046F62D7F1}.Release|Any CPU.Build.0 = Release|Any CPU
		{1D533F94-EC41-4C0D-BEAE-A218D1BC40C3}.Debug|Any CPU.ActiveCfg = Debug|Any CPU
		{1D533F94-EC41-4C0D-BEAE-A218D1BC40C3}.Debug|Any CPU.Build.0 = Debug|Any CPU
		{1D533F94-EC41-4C0D-BEAE-A218D1BC40C3}.Release|Any CPU.ActiveCfg = Release|Any CPU
		{1D533F94-EC41-4C0D-BEAE-A218D1BC40C3}.Release|Any CPU.Build.0 = Release|Any CPU
		{3E9A9D4A-3409-42FB-B10D-5EAF857E4174}.Debug|Any CPU.ActiveCfg = Debug|Any CPU
		{3E9A9D4A-3409-42FB-B10D-5EAF857E4174}.Debug|Any CPU.Build.0 = Debug|Any CPU
		{3E9A9D4A-3409-42FB-B10D-5EAF857E4174}.Release|Any CPU.ActiveCfg = Release|Any CPU
		{3E9A9D4A-3409-42FB-B10D-5EAF857E4174}.Release|Any CPU.Build.0 = Release|Any CPU
		{CFF8CA98-5F64-4466-8146-5066BE2B2448}.Debug|Any CPU.ActiveCfg = Debug|Any CPU
		{CFF8CA98-5F64-4466-8146-5066BE2B2448}.Debug|Any CPU.Build.0 = Debug|Any CPU
		{CFF8CA98-5F64-4466-8146-5066BE2B2448}.Release|Any CPU.ActiveCfg = Release|Any CPU
		{CFF8CA98-5F64-4466-8146-5066BE2B2448}.Release|Any CPU.Build.0 = Release|Any CPU
		{06326855-EEBA-41F0-928D-9F03CD1CCE00}.Debug|Any CPU.ActiveCfg = Debug|Any CPU
		{06326855-EEBA-41F0-928D-9F03CD1CCE00}.Debug|Any CPU.Build.0 = Debug|Any CPU
		{06326855-EEBA-41F0-928D-9F03CD1CCE00}.Release|Any CPU.ActiveCfg = Release|Any CPU
		{06326855-EEBA-41F0-928D-9F03CD1CCE00}.Release|Any CPU.Build.0 = Release|Any CPU
		{A6C4DC37-9F88-4D56-AC48-7C6CCC69D63C}.Debug|Any CPU.ActiveCfg = Debug|Any CPU
		{A6C4DC37-9F88-4D56-AC48-7C6CCC69D63C}.Debug|Any CPU.Build.0 = Debug|Any CPU
		{A6C4DC37-9F88-4D56-AC48-7C6CCC69D63C}.Release|Any CPU.ActiveCfg = Release|Any CPU
		{A6C4DC37-9F88-4D56-AC48-7C6CCC69D63C}.Release|Any CPU.Build.0 = Release|Any CPU
		{CFE8BD1B-413B-467B-804A-21F85C95A9C6}.Debug|Any CPU.ActiveCfg = Debug|Any CPU
		{CFE8BD1B-413B-467B-804A-21F85C95A9C6}.Debug|Any CPU.Build.0 = Debug|Any CPU
		{CFE8BD1B-413B-467B-804A-21F85C95A9C6}.Release|Any CPU.ActiveCfg = Release|Any CPU
		{CFE8BD1B-413B-467B-804A-21F85C95A9C6}.Release|Any CPU.Build.0 = Release|Any CPU
		{1B1409A5-347D-47DC-89A3-6CB965FE1EC1}.Debug|Any CPU.ActiveCfg = Debug|Any CPU
		{1B1409A5-347D-47DC-89A3-6CB965FE1EC1}.Debug|Any CPU.Build.0 = Debug|Any CPU
		{1B1409A5-347D-47DC-89A3-6CB965FE1EC1}.Release|Any CPU.ActiveCfg = Release|Any CPU
		{1B1409A5-347D-47DC-89A3-6CB965FE1EC1}.Release|Any CPU.Build.0 = Release|Any CPU
		{6AE3BDDD-A599-4E4B-B867-96C1C330C34A}.Debug|Any CPU.ActiveCfg = Debug|Any CPU
		{6AE3BDDD-A599-4E4B-B867-96C1C330C34A}.Debug|Any CPU.Build.0 = Debug|Any CPU
		{6AE3BDDD-A599-4E4B-B867-96C1C330C34A}.Release|Any CPU.ActiveCfg = Release|Any CPU
		{6AE3BDDD-A599-4E4B-B867-96C1C330C34A}.Release|Any CPU.Build.0 = Release|Any CPU
		{482F33CB-7396-4281-85B8-1FDE89951CEA}.Debug|Any CPU.ActiveCfg = Debug|Any CPU
		{482F33CB-7396-4281-85B8-1FDE89951CEA}.Debug|Any CPU.Build.0 = Debug|Any CPU
		{482F33CB-7396-4281-85B8-1FDE89951CEA}.Release|Any CPU.ActiveCfg = Release|Any CPU
		{482F33CB-7396-4281-85B8-1FDE89951CEA}.Release|Any CPU.Build.0 = Release|Any CPU
		{8EED7BF6-40EE-4CCC-BF66-49A823E01A00}.Debug|Any CPU.ActiveCfg = Debug|Any CPU
		{8EED7BF6-40EE-4CCC-BF66-49A823E01A00}.Debug|Any CPU.Build.0 = Debug|Any CPU
		{8EED7BF6-40EE-4CCC-BF66-49A823E01A00}.Release|Any CPU.ActiveCfg = Release|Any CPU
		{8EED7BF6-40EE-4CCC-BF66-49A823E01A00}.Release|Any CPU.Build.0 = Release|Any CPU
		{4964AE9D-260B-4645-A1EE-B567642BCE72}.Debug|Any CPU.ActiveCfg = Debug|Any CPU
		{4964AE9D-260B-4645-A1EE-B567642BCE72}.Debug|Any CPU.Build.0 = Debug|Any CPU
		{4964AE9D-260B-4645-A1EE-B567642BCE72}.Release|Any CPU.ActiveCfg = Release|Any CPU
		{4964AE9D-260B-4645-A1EE-B567642BCE72}.Release|Any CPU.Build.0 = Release|Any CPU
		{A47896C6-93D6-4758-BCB2-D3EA0A343501}.Debug|Any CPU.ActiveCfg = Debug|Any CPU
		{A47896C6-93D6-4758-BCB2-D3EA0A343501}.Debug|Any CPU.Build.0 = Debug|Any CPU
		{A47896C6-93D6-4758-BCB2-D3EA0A343501}.Release|Any CPU.ActiveCfg = Release|Any CPU
		{A47896C6-93D6-4758-BCB2-D3EA0A343501}.Release|Any CPU.Build.0 = Release|Any CPU
		{E26C7B69-1CAB-4DC2-B8C6-3E478A6A12D4}.Debug|Any CPU.ActiveCfg = Debug|Any CPU
		{E26C7B69-1CAB-4DC2-B8C6-3E478A6A12D4}.Debug|Any CPU.Build.0 = Debug|Any CPU
		{E26C7B69-1CAB-4DC2-B8C6-3E478A6A12D4}.Release|Any CPU.ActiveCfg = Release|Any CPU
		{E26C7B69-1CAB-4DC2-B8C6-3E478A6A12D4}.Release|Any CPU.Build.0 = Release|Any CPU
		{6A4A57B5-6699-4F0D-B294-1CD6D2EEE7A7}.Debug|Any CPU.ActiveCfg = Debug|Any CPU
		{6A4A57B5-6699-4F0D-B294-1CD6D2EEE7A7}.Debug|Any CPU.Build.0 = Debug|Any CPU
		{6A4A57B5-6699-4F0D-B294-1CD6D2EEE7A7}.Release|Any CPU.ActiveCfg = Release|Any CPU
		{6A4A57B5-6699-4F0D-B294-1CD6D2EEE7A7}.Release|Any CPU.Build.0 = Release|Any CPU
		{6A867F13-8EAA-4C47-B900-F43C98624E6F}.Debug|Any CPU.ActiveCfg = Debug|Any CPU
		{6A867F13-8EAA-4C47-B900-F43C98624E6F}.Debug|Any CPU.Build.0 = Debug|Any CPU
		{6A867F13-8EAA-4C47-B900-F43C98624E6F}.Release|Any CPU.ActiveCfg = Release|Any CPU
		{6A867F13-8EAA-4C47-B900-F43C98624E6F}.Release|Any CPU.Build.0 = Release|Any CPU
	EndGlobalSection
	GlobalSection(SolutionProperties) = preSolution
		HideSolutionNode = FALSE
	EndGlobalSection
	GlobalSection(NestedProjects) = preSolution
		{192D2506-388C-43A4-9BB2-17F351F65DA1} = {CD28BBD1-391D-4437-A003-6605F7CBBE76}
		{149520A8-9ACE-4BDF-B6FE-914DC1F9FB76} = {192D2506-388C-43A4-9BB2-17F351F65DA1}
		{688E0875-9B2A-4BC5-8BA0-E1E8998EB805} = {192D2506-388C-43A4-9BB2-17F351F65DA1}
		{8B76EF7A-F473-48BC-85C6-E84BA5CC7157} = {192D2506-388C-43A4-9BB2-17F351F65DA1}
		{5F0897F0-7A7A-4E61-8FD4-D91BC584F3E1} = {192D2506-388C-43A4-9BB2-17F351F65DA1}
		{A3E322A4-72E6-45E2-93EE-F5DBA7EEC633} = {192D2506-388C-43A4-9BB2-17F351F65DA1}
		{8045A105-D2A2-4F69-A609-B18137DB05BF} = {192D2506-388C-43A4-9BB2-17F351F65DA1}
		{771609C9-8B63-4B3E-BF1A-ADD17C06574C} = {192D2506-388C-43A4-9BB2-17F351F65DA1}
		{27A5860B-A7CC-47EE-9748-01D623179BCD} = {192D2506-388C-43A4-9BB2-17F351F65DA1}
		{94EE03FA-A552-46EB-A466-E77189AF0148} = {0B221525-5BD7-4480-BE96-6E9FFEA6A8A7}
		{40B53408-3467-4F03-BE05-8735BB00B1B5} = {192D2506-388C-43A4-9BB2-17F351F65DA1}
		{996879F3-3302-43A6-8606-A3739AA3EB90} = {192D2506-388C-43A4-9BB2-17F351F65DA1}
		{A805208C-C721-4F8F-A214-3B48E5306A56} = {94EE03FA-A552-46EB-A466-E77189AF0148}
		{0557A632-BAC9-4E95-AC16-CB0C5C766916} = {94EE03FA-A552-46EB-A466-E77189AF0148}
		{D909BF95-7DC5-4531-9CD5-36ED7230288F} = {A805208C-C721-4F8F-A214-3B48E5306A56}
		{88D9E507-DC9F-492D-A2D2-52DD3C69C7CB} = {A805208C-C721-4F8F-A214-3B48E5306A56}
		{82C7E843-988F-40CD-9591-085F84CEE1D6} = {A805208C-C721-4F8F-A214-3B48E5306A56}
		{9BB93F0E-63BC-4BF3-A399-C3046F62D7F1} = {A805208C-C721-4F8F-A214-3B48E5306A56}
		{1D533F94-EC41-4C0D-BEAE-A218D1BC40C3} = {A805208C-C721-4F8F-A214-3B48E5306A56}
		{3E9A9D4A-3409-42FB-B10D-5EAF857E4174} = {A805208C-C721-4F8F-A214-3B48E5306A56}
		{CFF8CA98-5F64-4466-8146-5066BE2B2448} = {A805208C-C721-4F8F-A214-3B48E5306A56}
		{06326855-EEBA-41F0-928D-9F03CD1CCE00} = {A805208C-C721-4F8F-A214-3B48E5306A56}
		{A6C4DC37-9F88-4D56-AC48-7C6CCC69D63C} = {A805208C-C721-4F8F-A214-3B48E5306A56}
		{CFE8BD1B-413B-467B-804A-21F85C95A9C6} = {0557A632-BAC9-4E95-AC16-CB0C5C766916}
		{1B1409A5-347D-47DC-89A3-6CB965FE1EC1} = {0557A632-BAC9-4E95-AC16-CB0C5C766916}
		{6AE3BDDD-A599-4E4B-B867-96C1C330C34A} = {0557A632-BAC9-4E95-AC16-CB0C5C766916}
		{482F33CB-7396-4281-85B8-1FDE89951CEA} = {0557A632-BAC9-4E95-AC16-CB0C5C766916}
		{8EED7BF6-40EE-4CCC-BF66-49A823E01A00} = {0557A632-BAC9-4E95-AC16-CB0C5C766916}
		{4964AE9D-260B-4645-A1EE-B567642BCE72} = {192D2506-388C-43A4-9BB2-17F351F65DA1}
		{A47896C6-93D6-4758-BCB2-D3EA0A343501} = {192D2506-388C-43A4-9BB2-17F351F65DA1}
		{E26C7B69-1CAB-4DC2-B8C6-3E478A6A12D4} = {192D2506-388C-43A4-9BB2-17F351F65DA1}
		{6A4A57B5-6699-4F0D-B294-1CD6D2EEE7A7} = {192D2506-388C-43A4-9BB2-17F351F65DA1}
		{6A867F13-8EAA-4C47-B900-F43C98624E6F} = {192D2506-388C-43A4-9BB2-17F351F65DA1}
	EndGlobalSection
	GlobalSection(ExtensibilityGlobals) = postSolution
		SolutionGuid = {28315BFD-90E7-4E14-A2EA-F3D23AF4126F}
	EndGlobalSection
EndGlobal
